// !$*UTF8*$!
{
	archiveVersion = 1;
	classes = {
	};
	objectVersion = 48;
	objects = {

/* Begin PBXBuildFile section */
		652968095D2F1EABE35B9933 /* Pods_ios_viper_flickr.framework in Frameworks */ = {isa = PBXBuildFile; fileRef = 25D3D7362C21DA54DA718795 /* Pods_ios_viper_flickr.framework */; };
		DC746C121FF6C45B00CDFF23 /* AppDelegate.swift in Sources */ = {isa = PBXBuildFile; fileRef = DC746C111FF6C45B00CDFF23 /* AppDelegate.swift */; };
		DC746C141FF6C45B00CDFF23 /* ViewController.swift in Sources */ = {isa = PBXBuildFile; fileRef = DC746C131FF6C45B00CDFF23 /* ViewController.swift */; };
		DC746C171FF6C45B00CDFF23 /* Main.storyboard in Resources */ = {isa = PBXBuildFile; fileRef = DC746C151FF6C45B00CDFF23 /* Main.storyboard */; };
		DC746C191FF6C45B00CDFF23 /* Assets.xcassets in Resources */ = {isa = PBXBuildFile; fileRef = DC746C181FF6C45B00CDFF23 /* Assets.xcassets */; };
		DC746C1C1FF6C45B00CDFF23 /* LaunchScreen.storyboard in Resources */ = {isa = PBXBuildFile; fileRef = DC746C1A1FF6C45B00CDFF23 /* LaunchScreen.storyboard */; };
		DC746C2D1FF6C6EF00CDFF23 /* R.generated.swift in Sources */ = {isa = PBXBuildFile; fileRef = DC746C2C1FF6C6EF00CDFF23 /* R.generated.swift */; };
/* End PBXBuildFile section */

/* Begin PBXFileReference section */
		25D3D7362C21DA54DA718795 /* Pods_ios_viper_flickr.framework */ = {isa = PBXFileReference; explicitFileType = wrapper.framework; includeInIndex = 0; path = Pods_ios_viper_flickr.framework; sourceTree = BUILT_PRODUCTS_DIR; };
		319CBC47BF761AF60A48A63F /* Pods-ios-viper-flickr.release.xcconfig */ = {isa = PBXFileReference; includeInIndex = 1; lastKnownFileType = text.xcconfig; name = "Pods-ios-viper-flickr.release.xcconfig"; path = "Pods/Target Support Files/Pods-ios-viper-flickr/Pods-ios-viper-flickr.release.xcconfig"; sourceTree = "<group>"; };
		35E93FAA25E4D730AA229432 /* Pods-ios-viper-flickr.debug.xcconfig */ = {isa = PBXFileReference; includeInIndex = 1; lastKnownFileType = text.xcconfig; name = "Pods-ios-viper-flickr.debug.xcconfig"; path = "Pods/Target Support Files/Pods-ios-viper-flickr/Pods-ios-viper-flickr.debug.xcconfig"; sourceTree = "<group>"; };
		DC746C0E1FF6C45B00CDFF23 /* ios-viper-flickr.app */ = {isa = PBXFileReference; explicitFileType = wrapper.application; includeInIndex = 0; path = "ios-viper-flickr.app"; sourceTree = BUILT_PRODUCTS_DIR; };
		DC746C111FF6C45B00CDFF23 /* AppDelegate.swift */ = {isa = PBXFileReference; lastKnownFileType = sourcecode.swift; path = AppDelegate.swift; sourceTree = "<group>"; };
		DC746C131FF6C45B00CDFF23 /* ViewController.swift */ = {isa = PBXFileReference; lastKnownFileType = sourcecode.swift; path = ViewController.swift; sourceTree = "<group>"; };
		DC746C161FF6C45B00CDFF23 /* Base */ = {isa = PBXFileReference; lastKnownFileType = file.storyboard; name = Base; path = Base.lproj/Main.storyboard; sourceTree = "<group>"; };
		DC746C181FF6C45B00CDFF23 /* Assets.xcassets */ = {isa = PBXFileReference; lastKnownFileType = folder.assetcatalog; path = Assets.xcassets; sourceTree = "<group>"; };
		DC746C1B1FF6C45B00CDFF23 /* Base */ = {isa = PBXFileReference; lastKnownFileType = file.storyboard; name = Base; path = Base.lproj/LaunchScreen.storyboard; sourceTree = "<group>"; };
		DC746C1D1FF6C45B00CDFF23 /* Info.plist */ = {isa = PBXFileReference; lastKnownFileType = text.plist.xml; path = Info.plist; sourceTree = "<group>"; };
		DC746C2C1FF6C6EF00CDFF23 /* R.generated.swift */ = {isa = PBXFileReference; fileEncoding = 4; lastKnownFileType = sourcecode.swift; path = R.generated.swift; sourceTree = SOURCE_ROOT; };
/* End PBXFileReference section */

/* Begin PBXFrameworksBuildPhase section */
		DC746C0B1FF6C45B00CDFF23 /* Frameworks */ = {
			isa = PBXFrameworksBuildPhase;
			buildActionMask = 2147483647;
			files = (
				652968095D2F1EABE35B9933 /* Pods_ios_viper_flickr.framework in Frameworks */,
			);
			runOnlyForDeploymentPostprocessing = 0;
		};
/* End PBXFrameworksBuildPhase section */

/* Begin PBXGroup section */
		B892A9E4CDD3633EE037DC08 /* Pods */ = {
			isa = PBXGroup;
			children = (
				35E93FAA25E4D730AA229432 /* Pods-ios-viper-flickr.debug.xcconfig */,
				319CBC47BF761AF60A48A63F /* Pods-ios-viper-flickr.release.xcconfig */,
			);
			name = Pods;
			sourceTree = "<group>";
		};
		C927944A24464C64D958BC7D /* Frameworks */ = {
			isa = PBXGroup;
			children = (
				25D3D7362C21DA54DA718795 /* Pods_ios_viper_flickr.framework */,
			);
			name = Frameworks;
			sourceTree = "<group>";
		};
		DC746C051FF6C45B00CDFF23 = {
			isa = PBXGroup;
			children = (
				DC746C101FF6C45B00CDFF23 /* ios-viper-flickr */,
				DC746C0F1FF6C45B00CDFF23 /* Products */,
				B892A9E4CDD3633EE037DC08 /* Pods */,
				C927944A24464C64D958BC7D /* Frameworks */,
			);
			sourceTree = "<group>";
		};
		DC746C0F1FF6C45B00CDFF23 /* Products */ = {
			isa = PBXGroup;
			children = (
				DC746C0E1FF6C45B00CDFF23 /* ios-viper-flickr.app */,
			);
			name = Products;
			sourceTree = "<group>";
		};
		DC746C101FF6C45B00CDFF23 /* ios-viper-flickr */ = {
			isa = PBXGroup;
			children = (
				DC746C241FF6C46800CDFF23 /* Application */,
				DC746C251FF6C47500CDFF23 /* Resources */,
				DC746C231FF6C46400CDFF23 /* Models */,
				DC746C261FF6C48100CDFF23 /* Modules */,
				DC746C271FF6C4C100CDFF23 /* Network */,
				DC746C281FF6C4C600CDFF23 /* Protocol */,
				DC746C131FF6C45B00CDFF23 /* ViewController.swift */,
				DC746C151FF6C45B00CDFF23 /* Main.storyboard */,
			);
			path = "ios-viper-flickr";
			sourceTree = "<group>";
		};
		DC746C231FF6C46400CDFF23 /* Models */ = {
			isa = PBXGroup;
			children = (
			);
			path = Models;
			sourceTree = "<group>";
		};
		DC746C241FF6C46800CDFF23 /* Application */ = {
			isa = PBXGroup;
			children = (
				DC746C111FF6C45B00CDFF23 /* AppDelegate.swift */,
			);
			path = Application;
			sourceTree = "<group>";
		};
		DC746C251FF6C47500CDFF23 /* Resources */ = {
			isa = PBXGroup;
			children = (
				DC746C181FF6C45B00CDFF23 /* Assets.xcassets */,
				DC746C1A1FF6C45B00CDFF23 /* LaunchScreen.storyboard */,
				DC746C1D1FF6C45B00CDFF23 /* Info.plist */,
				DC746C2C1FF6C6EF00CDFF23 /* R.generated.swift */,
			);
			path = Resources;
			sourceTree = "<group>";
		};
		DC746C261FF6C48100CDFF23 /* Modules */ = {
			isa = PBXGroup;
			children = (
			);
			path = Modules;
			sourceTree = "<group>";
		};
		DC746C271FF6C4C100CDFF23 /* Network */ = {
			isa = PBXGroup;
			children = (
			);
			path = Network;
			sourceTree = "<group>";
		};
		DC746C281FF6C4C600CDFF23 /* Protocol */ = {
			isa = PBXGroup;
			children = (
			);
			path = Protocol;
			sourceTree = "<group>";
		};
/* End PBXGroup section */

/* Begin PBXNativeTarget section */
		DC746C0D1FF6C45B00CDFF23 /* ios-viper-flickr */ = {
			isa = PBXNativeTarget;
			buildConfigurationList = DC746C201FF6C45B00CDFF23 /* Build configuration list for PBXNativeTarget "ios-viper-flickr" */;
			buildPhases = (
				124E8235C937F45B399CBB55 /* [CP] Check Pods Manifest.lock */,
				DC746C0A1FF6C45B00CDFF23 /* Sources */,
				DC746C0B1FF6C45B00CDFF23 /* Frameworks */,
				DC746C0C1FF6C45B00CDFF23 /* Resources */,
				1B7A57A2E1664E39DB51D7D1 /* [CP] Embed Pods Frameworks */,
				A991BD5AB0CFD50C8E62627F /* [CP] Copy Pods Resources */,
				DC746C291FF6C65F00CDFF23 /* ShellScript */,
			);
			buildRules = (
			);
			dependencies = (
			);
			name = "ios-viper-flickr";
			productName = "ios-viper-flickr";
			productReference = DC746C0E1FF6C45B00CDFF23 /* ios-viper-flickr.app */;
			productType = "com.apple.product-type.application";
		};
/* End PBXNativeTarget section */

/* Begin PBXProject section */
		DC746C061FF6C45B00CDFF23 /* Project object */ = {
			isa = PBXProject;
			attributes = {
				LastSwiftUpdateCheck = 0910;
				LastUpgradeCheck = 0910;
				ORGANIZATIONNAME = com.kersuzan;
				TargetAttributes = {
					DC746C0D1FF6C45B00CDFF23 = {
						CreatedOnToolsVersion = 9.1;
						ProvisioningStyle = Automatic;
					};
				};
			};
			buildConfigurationList = DC746C091FF6C45B00CDFF23 /* Build configuration list for PBXProject "ios-viper-flickr" */;
			compatibilityVersion = "Xcode 8.0";
			developmentRegion = en;
			hasScannedForEncodings = 0;
			knownRegions = (
				en,
				Base,
			);
			mainGroup = DC746C051FF6C45B00CDFF23;
			productRefGroup = DC746C0F1FF6C45B00CDFF23 /* Products */;
			projectDirPath = "";
			projectRoot = "";
			targets = (
				DC746C0D1FF6C45B00CDFF23 /* ios-viper-flickr */,
			);
		};
/* End PBXProject section */

/* Begin PBXResourcesBuildPhase section */
		DC746C0C1FF6C45B00CDFF23 /* Resources */ = {
			isa = PBXResourcesBuildPhase;
			buildActionMask = 2147483647;
			files = (
				DC746C1C1FF6C45B00CDFF23 /* LaunchScreen.storyboard in Resources */,
				DC746C191FF6C45B00CDFF23 /* Assets.xcassets in Resources */,
				DC746C171FF6C45B00CDFF23 /* Main.storyboard in Resources */,
			);
			runOnlyForDeploymentPostprocessing = 0;
		};
/* End PBXResourcesBuildPhase section */

/* Begin PBXShellScriptBuildPhase section */
		124E8235C937F45B399CBB55 /* [CP] Check Pods Manifest.lock */ = {
			isa = PBXShellScriptBuildPhase;
			buildActionMask = 2147483647;
			files = (
			);
			inputPaths = (
				"${PODS_PODFILE_DIR_PATH}/Podfile.lock",
				"${PODS_ROOT}/Manifest.lock",
			);
			name = "[CP] Check Pods Manifest.lock";
			outputPaths = (
				"$(DERIVED_FILE_DIR)/Pods-ios-viper-flickr-checkManifestLockResult.txt",
			);
			runOnlyForDeploymentPostprocessing = 0;
			shellPath = /bin/sh;
			shellScript = "diff \"${PODS_PODFILE_DIR_PATH}/Podfile.lock\" \"${PODS_ROOT}/Manifest.lock\" > /dev/null\nif [ $? != 0 ] ; then\n    # print error to STDERR\n    echo \"error: The sandbox is not in sync with the Podfile.lock. Run 'pod install' or update your CocoaPods installation.\" >&2\n    exit 1\nfi\n# This output is used by Xcode 'outputs' to avoid re-running this script phase.\necho \"SUCCESS\" > \"${SCRIPT_OUTPUT_FILE_0}\"\n";
			showEnvVarsInLog = 0;
		};
		1B7A57A2E1664E39DB51D7D1 /* [CP] Embed Pods Frameworks */ = {
			isa = PBXShellScriptBuildPhase;
			buildActionMask = 2147483647;
			files = (
			);
			inputPaths = (
				"${SRCROOT}/Pods/Target Support Files/Pods-ios-viper-flickr/Pods-ios-viper-flickr-frameworks.sh",
				"${BUILT_PRODUCTS_DIR}/Alamofire/Alamofire.framework",
				"${BUILT_PRODUCTS_DIR}/AlamofireObjectMapper/AlamofireObjectMapper.framework",
				"${BUILT_PRODUCTS_DIR}/Kingfisher/Kingfisher.framework",
				"${BUILT_PRODUCTS_DIR}/ObjectMapper/ObjectMapper.framework",
				"${BUILT_PRODUCTS_DIR}/PKHUD/PKHUD.framework",
				"${BUILT_PRODUCTS_DIR}/R.swift.Library/Rswift.framework",
				"${BUILT_PRODUCTS_DIR}/RxSwift/RxSwift.framework",
			);
			name = "[CP] Embed Pods Frameworks";
			outputPaths = (
				"${TARGET_BUILD_DIR}/${FRAMEWORKS_FOLDER_PATH}/Alamofire.framework",
				"${TARGET_BUILD_DIR}/${FRAMEWORKS_FOLDER_PATH}/AlamofireObjectMapper.framework",
				"${TARGET_BUILD_DIR}/${FRAMEWORKS_FOLDER_PATH}/Kingfisher.framework",
				"${TARGET_BUILD_DIR}/${FRAMEWORKS_FOLDER_PATH}/ObjectMapper.framework",
				"${TARGET_BUILD_DIR}/${FRAMEWORKS_FOLDER_PATH}/PKHUD.framework",
				"${TARGET_BUILD_DIR}/${FRAMEWORKS_FOLDER_PATH}/Rswift.framework",
				"${TARGET_BUILD_DIR}/${FRAMEWORKS_FOLDER_PATH}/RxSwift.framework",
			);
			runOnlyForDeploymentPostprocessing = 0;
			shellPath = /bin/sh;
			shellScript = "\"${SRCROOT}/Pods/Target Support Files/Pods-ios-viper-flickr/Pods-ios-viper-flickr-frameworks.sh\"\n";
			showEnvVarsInLog = 0;
		};
		A991BD5AB0CFD50C8E62627F /* [CP] Copy Pods Resources */ = {
			isa = PBXShellScriptBuildPhase;
			buildActionMask = 2147483647;
			files = (
			);
			inputPaths = (
			);
			name = "[CP] Copy Pods Resources";
			outputPaths = (
			);
			runOnlyForDeploymentPostprocessing = 0;
			shellPath = /bin/sh;
			shellScript = "\"${SRCROOT}/Pods/Target Support Files/Pods-ios-viper-flickr/Pods-ios-viper-flickr-resources.sh\"\n";
			showEnvVarsInLog = 0;
		};
		DC746C291FF6C65F00CDFF23 /* ShellScript */ = {
			isa = PBXShellScriptBuildPhase;
			buildActionMask = 2147483647;
			files = (
			);
			inputPaths = (
			);
			outputPaths = (
			);
			runOnlyForDeploymentPostprocessing = 0;
			shellPath = /bin/sh;
			shellScript = "\"$PODS_ROOT/R.swift/rswift\" generate \"$SRCROOT\"";
		};
/* End PBXShellScriptBuildPhase section */

/* Begin PBXSourcesBuildPhase section */
		DC746C0A1FF6C45B00CDFF23 /* Sources */ = {
			isa = PBXSourcesBuildPhase;
			buildActionMask = 2147483647;
			files = (
				DC746C141FF6C45B00CDFF23 /* ViewController.swift in Sources */,
				DC746C121FF6C45B00CDFF23 /* AppDelegate.swift in Sources */,
				DC746C2D1FF6C6EF00CDFF23 /* R.generated.swift in Sources */,
			);
			runOnlyForDeploymentPostprocessing = 0;
		};
/* End PBXSourcesBuildPhase section */

/* Begin PBXVariantGroup section */
		DC746C151FF6C45B00CDFF23 /* Main.storyboard */ = {
			isa = PBXVariantGroup;
			children = (
				DC746C161FF6C45B00CDFF23 /* Base */,
			);
			name = Main.storyboard;
			sourceTree = "<group>";
		};
		DC746C1A1FF6C45B00CDFF23 /* LaunchScreen.storyboard */ = {
			isa = PBXVariantGroup;
			children = (
				DC746C1B1FF6C45B00CDFF23 /* Base */,
			);
			name = LaunchScreen.storyboard;
			sourceTree = "<group>";
		};
/* End PBXVariantGroup section */

/* Begin XCBuildConfiguration section */
		DC746C1E1FF6C45B00CDFF23 /* Debug */ = {
			isa = XCBuildConfiguration;
			buildSettings = {
				ALWAYS_SEARCH_USER_PATHS = NO;
				CLANG_ANALYZER_NONNULL = YES;
				CLANG_ANALYZER_NUMBER_OBJECT_CONVERSION = YES_AGGRESSIVE;
				CLANG_CXX_LANGUAGE_STANDARD = "gnu++14";
				CLANG_CXX_LIBRARY = "libc++";
				CLANG_ENABLE_MODULES = YES;
				CLANG_ENABLE_OBJC_ARC = YES;
				CLANG_WARN_BLOCK_CAPTURE_AUTORELEASING = YES;
				CLANG_WARN_BOOL_CONVERSION = YES;
				CLANG_WARN_COMMA = YES;
				CLANG_WARN_CONSTANT_CONVERSION = YES;
				CLANG_WARN_DIRECT_OBJC_ISA_USAGE = YES_ERROR;
				CLANG_WARN_DOCUMENTATION_COMMENTS = YES;
				CLANG_WARN_EMPTY_BODY = YES;
				CLANG_WARN_ENUM_CONVERSION = YES;
				CLANG_WARN_INFINITE_RECURSION = YES;
				CLANG_WARN_INT_CONVERSION = YES;
				CLANG_WARN_NON_LITERAL_NULL_CONVERSION = YES;
				CLANG_WARN_OBJC_LITERAL_CONVERSION = YES;
				CLANG_WARN_OBJC_ROOT_CLASS = YES_ERROR;
				CLANG_WARN_RANGE_LOOP_ANALYSIS = YES;
				CLANG_WARN_STRICT_PROTOTYPES = YES;
				CLANG_WARN_SUSPICIOUS_MOVE = YES;
				CLANG_WARN_UNGUARDED_AVAILABILITY = YES_AGGRESSIVE;
				CLANG_WARN_UNREACHABLE_CODE = YES;
				CLANG_WARN__DUPLICATE_METHOD_MATCH = YES;
				CODE_SIGN_IDENTITY = "iPhone Developer";
				COPY_PHASE_STRIP = NO;
				DEBUG_INFORMATION_FORMAT = dwarf;
				ENABLE_STRICT_OBJC_MSGSEND = YES;
				ENABLE_TESTABILITY = YES;
				GCC_C_LANGUAGE_STANDARD = gnu11;
				GCC_DYNAMIC_NO_PIC = NO;
				GCC_NO_COMMON_BLOCKS = YES;
				GCC_OPTIMIZATION_LEVEL = 0;
				GCC_PREPROCESSOR_DEFINITIONS = (
					"DEBUG=1",
					"$(inherited)",
				);
				GCC_WARN_64_TO_32_BIT_CONVERSION = YES;
				GCC_WARN_ABOUT_RETURN_TYPE = YES_ERROR;
				GCC_WARN_UNDECLARED_SELECTOR = YES;
				GCC_WARN_UNINITIALIZED_AUTOS = YES_AGGRESSIVE;
				GCC_WARN_UNUSED_FUNCTION = YES;
				GCC_WARN_UNUSED_VARIABLE = YES;
				IPHONEOS_DEPLOYMENT_TARGET = 11.1;
				MTL_ENABLE_DEBUG_INFO = YES;
				ONLY_ACTIVE_ARCH = YES;
				SDKROOT = iphoneos;
				SWIFT_ACTIVE_COMPILATION_CONDITIONS = DEBUG;
				SWIFT_OPTIMIZATION_LEVEL = "-Onone";
			};
			name = Debug;
		};
		DC746C1F1FF6C45B00CDFF23 /* Release */ = {
			isa = XCBuildConfiguration;
			buildSettings = {
				ALWAYS_SEARCH_USER_PATHS = NO;
				CLANG_ANALYZER_NONNULL = YES;
				CLANG_ANALYZER_NUMBER_OBJECT_CONVERSION = YES_AGGRESSIVE;
				CLANG_CXX_LANGUAGE_STANDARD = "gnu++14";
				CLANG_CXX_LIBRARY = "libc++";
				CLANG_ENABLE_MODULES = YES;
				CLANG_ENABLE_OBJC_ARC = YES;
				CLANG_WARN_BLOCK_CAPTURE_AUTORELEASING = YES;
				CLANG_WARN_BOOL_CONVERSION = YES;
				CLANG_WARN_COMMA = YES;
				CLANG_WARN_CONSTANT_CONVERSION = YES;
				CLANG_WARN_DIRECT_OBJC_ISA_USAGE = YES_ERROR;
				CLANG_WARN_DOCUMENTATION_COMMENTS = YES;
				CLANG_WARN_EMPTY_BODY = YES;
				CLANG_WARN_ENUM_CONVERSION = YES;
				CLANG_WARN_INFINITE_RECURSION = YES;
				CLANG_WARN_INT_CONVERSION = YES;
				CLANG_WARN_NON_LITERAL_NULL_CONVERSION = YES;
				CLANG_WARN_OBJC_LITERAL_CONVERSION = YES;
				CLANG_WARN_OBJC_ROOT_CLASS = YES_ERROR;
				CLANG_WARN_RANGE_LOOP_ANALYSIS = YES;
				CLANG_WARN_STRICT_PROTOTYPES = YES;
				CLANG_WARN_SUSPICIOUS_MOVE = YES;
				CLANG_WARN_UNGUARDED_AVAILABILITY = YES_AGGRESSIVE;
				CLANG_WARN_UNREACHABLE_CODE = YES;
				CLANG_WARN__DUPLICATE_METHOD_MATCH = YES;
				CODE_SIGN_IDENTITY = "iPhone Developer";
				COPY_PHASE_STRIP = NO;
				DEBUG_INFORMATION_FORMAT = "dwarf-with-dsym";
				ENABLE_NS_ASSERTIONS = NO;
				ENABLE_STRICT_OBJC_MSGSEND = YES;
				GCC_C_LANGUAGE_STANDARD = gnu11;
				GCC_NO_COMMON_BLOCKS = YES;
				GCC_WARN_64_TO_32_BIT_CONVERSION = YES;
				GCC_WARN_ABOUT_RETURN_TYPE = YES_ERROR;
				GCC_WARN_UNDECLARED_SELECTOR = YES;
				GCC_WARN_UNINITIALIZED_AUTOS = YES_AGGRESSIVE;
				GCC_WARN_UNUSED_FUNCTION = YES;
				GCC_WARN_UNUSED_VARIABLE = YES;
				IPHONEOS_DEPLOYMENT_TARGET = 11.1;
				MTL_ENABLE_DEBUG_INFO = NO;
				SDKROOT = iphoneos;
				SWIFT_OPTIMIZATION_LEVEL = "-Owholemodule";
				VALIDATE_PRODUCT = YES;
			};
			name = Release;
		};
		DC746C211FF6C45B00CDFF23 /* Debug */ = {
			isa = XCBuildConfiguration;
			baseConfigurationReference = 35E93FAA25E4D730AA229432 /* Pods-ios-viper-flickr.debug.xcconfig */;
			buildSettings = {
				ASSETCATALOG_COMPILER_APPICON_NAME = AppIcon;
				CODE_SIGN_STYLE = Automatic;
				DEVELOPMENT_TEAM = M4YY2LX9P9;
				INFOPLIST_FILE = "ios-viper-flickr/Info.plist";
				LD_RUNPATH_SEARCH_PATHS = "$(inherited) @executable_path/Frameworks";
				PRODUCT_BUNDLE_IDENTIFIER = "com.kersuzan.ios-viper-flickr";
				PRODUCT_NAME = "$(TARGET_NAME)";
				SWIFT_VERSION = 4.0;
				TARGETED_DEVICE_FAMILY = "1,2";
			};
			name = Debug;
		};
		DC746C221FF6C45B00CDFF23 /* Release */ = {
			isa = XCBuildConfiguration;
			baseConfigurationReference = 319CBC47BF761AF60A48A63F /* Pods-ios-viper-flickr.release.xcconfig */;
			buildSettings = {
				ASSETCATALOG_COMPILER_APPICON_NAME = AppIcon;
				CODE_SIGN_STYLE = Automatic;
				DEVELOPMENT_TEAM = M4YY2LX9P9;
				INFOPLIST_FILE = "ios-viper-flickr/Info.plist";
				LD_RUNPATH_SEARCH_PATHS = "$(inherited) @executable_path/Frameworks";
				PRODUCT_BUNDLE_IDENTIFIER = "com.kersuzan.ios-viper-flickr";
				PRODUCT_NAME = "$(TARGET_NAME)";
				SWIFT_VERSION = 4.0;
				TARGETED_DEVICE_FAMILY = "1,2";
			};
			name = Release;
		};
/* End XCBuildConfiguration section */

/* Begin XCConfigurationList section */
		DC746C091FF6C45B00CDFF23 /* Build configuration list for PBXProject "ios-viper-flickr" */ = {
			isa = XCConfigurationList;
			buildConfigurations = (
				DC746C1E1FF6C45B00CDFF23 /* Debug */,
				DC746C1F1FF6C45B00CDFF23 /* Release */,
			);
			defaultConfigurationIsVisible = 0;
			defaultConfigurationName = Release;
		};
		DC746C201FF6C45B00CDFF23 /* Build configuration list for PBXNativeTarget "ios-viper-flickr" */ = {
			isa = XCConfigurationList;
			buildConfigurations = (
				DC746C211FF6C45B00CDFF23 /* Debug */,
				DC746C221FF6C45B00CDFF23 /* Release */,
			);
			defaultConfigurationIsVisible = 0;
			defaultConfigurationName = Release;
		};
/* End XCConfigurationList section */
	};
	rootObject = DC746C061FF6C45B00CDFF23 /* Project object */;
}
